{
  "name": "opencode",
  "lockfileVersion": 3,
  "requires": true,
  "packages": {
    "": {
      "dependencies": {
        "opencode-goal-plugin": "^0.4.0"
      }
    },
    "node_modules/opencode-goal-plugin": {
      "version": "0.4.0",
      "resolved": "https://registry.npmjs.org/opencode-goal-plugin/-/opencode-goal-plugin-0.4.0.tgz",
      "integrity": "sha512-5HdrLQg8zgdP4GROrSRfHI40C2+OJSIfIPEFjRXntljqdpsl8UPrYIXIoPSk4yOQFLb6FtyZuy3HFFCZ4Gyxqg==",
      "license": "MIT",
      "engines": {
        "node": ">=18"
      },
      "peerDependencies": {
        "@opencode-ai/plugin": ">=1"
      },
      "peerDependenciesMeta": {
        "@opencode-ai/plugin": {
          "optional": true
        }
      }
    }
  }
}
